<?xml version="1.0" encoding="utf-8"?>
<Project ToolsVersion="4.0" xmlns="http://schemas.microsoft.com/developer/msbuild/2003">
  <ItemGroup>
    <ClInclude Include="pch.h" />
    <ClInclude Include="DX11.h">
      <Filter>graphics</Filter>
    </ClInclude>
    <ClInclude Include="Debug.h" />
    <ClInclude Include="DearImGui.h">
      <Filter>imgui</Filter>
    </ClInclude>
    <ClInclude Include="Camera.h">
      <Filter>components</Filter>
    </ClInclude>
    <ClInclude Include="Mesh.h">
      <Filter>components</Filter>
    </ClInclude>
    <ClInclude Include="Transform.h">
      <Filter>components</Filter>
    </ClInclude>
    <ClInclude Include="FullscreenPass.h">
      <Filter>graphics</Filter>
    </ClInclude>
    <ClInclude Include="Scopes.h">
      <Filter>graphics</Filter>
    </ClInclude>
    <ClInclude Include="Vertices.h">
      <Filter>graphics</Filter>
    </ClInclude>
    <ClInclude Include="Window.h">
      <Filter>windows</Filter>
    </ClInclude>
    <ClInclude Include="Drop.h">
      <Filter>windows</Filter>
    </ClInclude>
    <ClInclude Include="Material.h">
      <Filter>components</Filter>
    </ClInclude>
    <ClInclude Include="ShaderCommon.h">
      <Filter>graphics</Filter>
    </ClInclude>
    <ClInclude Include="Renderer.h">
      <Filter>graphics</Filter>
    </ClInclude>
    <ClInclude Include="Light.h">
      <Filter>components</Filter>
    </ClInclude>
    <ClInclude Include="StateFactory.h">
      <Filter>graphics</Filter>
    </ClInclude>
    <ClInclude Include="Shader.h">
      <Filter>graphics</Filter>
    </ClInclude>
    <ClInclude Include="InputLayoutFactory.h">
      <Filter>graphics</Filter>
    </ClInclude>
    <ClInclude Include="Inspector.h">
      <Filter>editor</Filter>
    </ClInclude>
    <ClInclude Include="Hierarchy.h">
      <Filter>editor</Filter>
    </ClInclude>
    <ClInclude Include="AssetFactory.h">
      <Filter>utilities</Filter>
    </ClInclude>
    <ClInclude Include="Singleton.h">
      <Filter>utilities</Filter>
    </ClInclude>
    <ClInclude Include="Texture.h">
      <Filter>graphics\buffers</Filter>
    </ClInclude>
    <ClInclude Include="BackBuffer.h">
      <Filter>graphics\buffers</Filter>
    </ClInclude>
    <ClInclude Include="DepthBuffer.h">
      <Filter>graphics\buffers</Filter>
    </ClInclude>
    <ClInclude Include="RenderTexture.h">
      <Filter>graphics\buffers</Filter>
    </ClInclude>
    <ClInclude Include="ConstantBuffer.h">
      <Filter>graphics\buffers</Filter>
    </ClInclude>
    <ClInclude Include="Scene.h" />
    <ClInclude Include="Image.h">
      <Filter>graphics</Filter>
    </ClInclude>
    <ClInclude Include="Tags.h">
      <Filter>components</Filter>
    </ClInclude>
    <ClInclude Include="Cubemap.h">
      <Filter>components</Filter>
    </ClInclude>
    <ClInclude Include="SceneViewManipulate.h">
      <Filter>editor</Filter>
    </ClInclude>
    <ClInclude Include="Picker.h">
      <Filter>editor</Filter>
    </ClInclude>
    <ClInclude Include="EnttSerialization.h">
      <Filter>entt</Filter>
    </ClInclude>
    <ClInclude Include="EnttCommon.h">
      <Filter>entt</Filter>
    </ClInclude>
    <ClInclude Include="Manipulator.h" />
    <ClInclude Include="PlayControls.h">
      <Filter>editor</Filter>
    </ClInclude>
    <ClInclude Include="FileMenu.h">
      <Filter>editor</Filter>
    </ClInclude>
  </ItemGroup>
  <ItemGroup>
    <ClCompile Include="main.cpp" />
    <ClCompile Include="pch.cpp" />
    <ClCompile Include="DX11.cpp">
      <Filter>graphics</Filter>
    </ClCompile>
    <ClCompile Include="Debug.cpp" />
    <ClCompile Include="DearImGui.cpp">
      <Filter>imgui</Filter>
    </ClCompile>
    <ClCompile Include="Camera.cpp">
      <Filter>components</Filter>
    </ClCompile>
    <ClCompile Include="Mesh.cpp">
      <Filter>components</Filter>
    </ClCompile>
    <ClCompile Include="Transform.cpp">
      <Filter>components</Filter>
    </ClCompile>
    <ClCompile Include="FullscreenPass.cpp">
      <Filter>graphics</Filter>
    </ClCompile>
    <ClCompile Include="Scopes.cpp">
      <Filter>graphics</Filter>
    </ClCompile>
    <ClCompile Include="Window.cpp">
      <Filter>windows</Filter>
    </ClCompile>
    <ClCompile Include="Drop.cpp">
      <Filter>windows</Filter>
    </ClCompile>
    <ClCompile Include="Material.cpp">
      <Filter>components</Filter>
    </ClCompile>
    <ClCompile Include="Renderer.cpp">
      <Filter>graphics</Filter>
    </ClCompile>
    <ClCompile Include="Light.cpp">
      <Filter>components</Filter>
    </ClCompile>
    <ClCompile Include="Shader.cpp">
      <Filter>graphics</Filter>
    </ClCompile>
    <ClCompile Include="StateFactory.cpp">
      <Filter>graphics</Filter>
    </ClCompile>
    <ClCompile Include="InputLayoutFactory.cpp">
      <Filter>graphics</Filter>
    </ClCompile>
    <ClCompile Include="Inspector.cpp">
      <Filter>editor</Filter>
    </ClCompile>
    <ClCompile Include="Hierarchy.cpp">
      <Filter>editor</Filter>
    </ClCompile>
    <ClCompile Include="Texture.cpp">
      <Filter>graphics\buffers</Filter>
    </ClCompile>
    <ClCompile Include="BackBuffer.cpp">
      <Filter>graphics\buffers</Filter>
    </ClCompile>
    <ClCompile Include="DepthBuffer.cpp">
      <Filter>graphics\buffers</Filter>
    </ClCompile>
    <ClCompile Include="RenderTexture.cpp">
      <Filter>graphics\buffers</Filter>
    </ClCompile>
    <ClCompile Include="ShaderCommon.cpp">
      <Filter>graphics</Filter>
    </ClCompile>
    <ClCompile Include="ConstantBuffer.cpp">
      <Filter>graphics\buffers</Filter>
    </ClCompile>
    <ClCompile Include="Scene.cpp" />
    <ClCompile Include="Image.cpp">
      <Filter>graphics</Filter>
    </ClCompile>
    <ClCompile Include="Cubemap.cpp">
      <Filter>components</Filter>
    </ClCompile>
    <ClCompile Include="SceneViewManipulate.cpp">
      <Filter>editor</Filter>
    </ClCompile>
    <ClCompile Include="Picker.cpp">
      <Filter>editor</Filter>
    </ClCompile>
    <ClCompile Include="EnttCommon.cpp">
      <Filter>entt</Filter>
    </ClCompile>
    <ClCompile Include="EnttSerialization.cpp">
      <Filter>entt</Filter>
    </ClCompile>
    <ClCompile Include="Manipulator.cpp" />
    <ClCompile Include="PlayControls.cpp">
      <Filter>editor</Filter>
    </ClCompile>
    <ClCompile Include="FileMenu.cpp">
      <Filter>editor</Filter>
    </ClCompile>
  </ItemGroup>
  <ItemGroup>
    <Filter Include="graphics">
      <UniqueIdentifier>{4772e18b-77c9-45fb-84ae-85fc15abe4aa}</UniqueIdentifier>
    </Filter>
    <Filter Include="shaders">
      <UniqueIdentifier>{712098a5-8cfa-4106-b3b6-c6ab6ced87d5}</UniqueIdentifier>
    </Filter>
    <Filter Include="imgui">
      <UniqueIdentifier>{1e33c815-f7de-412d-ab70-bb300b84bbb7}</UniqueIdentifier>
    </Filter>
    <Filter Include="windows">
      <UniqueIdentifier>{bffff0c7-e125-46a2-aa9e-59024fddbf31}</UniqueIdentifier>
    </Filter>
    <Filter Include="shaders\lights">
      <UniqueIdentifier>{ff3380cb-75a3-4a1c-894d-50ec2b167785}</UniqueIdentifier>
    </Filter>
    <Filter Include="editor">
      <UniqueIdentifier>{bc0f9596-c99b-424d-8618-c2df2f90bfac}</UniqueIdentifier>
    </Filter>
    <Filter Include="shaders\cubemap">
      <UniqueIdentifier>{37970a16-97f0-4868-a09f-c0a9869aab1e}</UniqueIdentifier>
    </Filter>
    <Filter Include="shaders\fullscreen">
      <UniqueIdentifier>{f9557109-809f-436d-b38e-d5d5c4f4ff98}</UniqueIdentifier>
    </Filter>
    <Filter Include="utilities">
      <UniqueIdentifier>{3ceb0d57-e2e6-4aae-98c0-b0d24d33b596}</UniqueIdentifier>
    </Filter>
    <Filter Include="graphics\buffers">
      <UniqueIdentifier>{88f0b685-467e-4cc6-8d22-6fa987d83cb9}</UniqueIdentifier>
    </Filter>
    <Filter Include="components">
      <UniqueIdentifier>{545fdeb4-0f2f-46c3-ac4c-1a93a1a6f995}</UniqueIdentifier>
    </Filter>
    <Filter Include="shaders\fullscreen\occlusion">
      <UniqueIdentifier>{8ad395ef-fc08-4ad0-bc46-07286f28b91d}</UniqueIdentifier>
    </Filter>
    <Filter Include="shaders\fullscreen\output">
      <UniqueIdentifier>{99fb8719-0e28-4466-8b47-619b3efd59ce}</UniqueIdentifier>
    </Filter>
    <Filter Include="entt">
      <UniqueIdentifier>{1ff725ee-0f58-476a-a8f5-08b5b9be5276}</UniqueIdentifier>
    </Filter>
  </ItemGroup>
  <ItemGroup>
    <FxCompile Include="VsBasic.hlsl">
      <Filter>shaders</Filter>
    </FxCompile>
    <FxCompile Include="PsDirectionalLight.hlsl">
      <Filter>shaders\lights</Filter>
    </FxCompile>
    <FxCompile Include="PsPointLight.hlsl">
      <Filter>shaders\lights</Filter>
    </FxCompile>
    <FxCompile Include="PsSpotLight.hlsl">
      <Filter>shaders\lights</Filter>
    </FxCompile>
    <FxCompile Include="PsEquirectToCubemap.hlsl">
      <Filter>shaders\cubemap</Filter>
    </FxCompile>
    <FxCompile Include="VsFullscreen.hlsl">
      <Filter>shaders\fullscreen</Filter>
    </FxCompile>
    <FxCompile Include="PsTonemapAndGamma.hlsl">
      <Filter>shaders\fullscreen</Filter>
    </FxCompile>
    <FxCompile Include="VsCubemap.hlsl">
      <Filter>shaders\cubemap</Filter>
    </FxCompile>
    <FxCompile Include="PsClearEntity.hlsl">
      <Filter>shaders\fullscreen</Filter>
    </FxCompile>
    <FxCompile Include="PsSkybox.hlsl">
      <Filter>shaders\cubemap</Filter>
    </FxCompile>
    <FxCompile Include="PsGenIrradianceMap.hlsl">
      <Filter>shaders\cubemap</Filter>
    </FxCompile>
    <FxCompile Include="GsGenCubemap.hlsl">
      <Filter>shaders\cubemap</Filter>
    </FxCompile>
    <FxCompile Include="GsSkybox.hlsl">
      <Filter>shaders\cubemap</Filter>
    </FxCompile>
    <FxCompile Include="PsImageBasedLight.hlsl">
      <Filter>shaders\lights</Filter>
    </FxCompile>
    <FxCompile Include="PsGBuffer.hlsl">
      <Filter>shaders</Filter>
    </FxCompile>
    <FxCompile Include="PsIntegrateBRDF.hlsl">
      <Filter>shaders\fullscreen</Filter>
    </FxCompile>
    <FxCompile Include="PsGenPrefilteredMap.hlsl">
      <Filter>shaders\cubemap</Filter>
    </FxCompile>
    <FxCompile Include="PsSSAO.hlsl">
      <Filter>shaders\fullscreen\occlusion</Filter>
    </FxCompile>
    <FxCompile Include="PsBlurVertical.hlsl">
      <Filter>shaders\fullscreen\occlusion</Filter>
    </FxCompile>
    <FxCompile Include="PsBlurHorizontal.hlsl">
      <Filter>shaders\fullscreen\occlusion</Filter>
    </FxCompile>
    <FxCompile Include="PsPosition.hlsl">
      <Filter>shaders\fullscreen\output</Filter>
    </FxCompile>
    <FxCompile Include="PsDepth.hlsl">
      <Filter>shaders\fullscreen\output</Filter>
    </FxCompile>
    <FxCompile Include="PsEntity.hlsl">
      <Filter>shaders\fullscreen\output</Filter>
    </FxCompile>
    <FxCompile Include="PsNormal.hlsl">
      <Filter>shaders\fullscreen\output</Filter>
    </FxCompile>
    <FxCompile Include="PsAccess.hlsl">
      <Filter>shaders\fullscreen\output</Filter>
    </FxCompile>
    <FxCompile Include="PsHBAO.hlsl">
      <Filter>shaders\fullscreen\occlusion</Filter>
    </FxCompile>
  </ItemGroup>
  <ItemGroup>
    <None Include="ShaderCommon.hlsli">
      <Filter>shaders</Filter>
    </None>
    <None Include="PbrCommon.hlsli">
      <Filter>shaders</Filter>
    </None>
    <None Include="Random.hlsli">
      <Filter>shaders</Filter>
    </None>
    <None Include="Constants.hlsli">
      <Filter>shaders</Filter>
    </None>
    <None Include="BlurCommon.hlsli">
      <Filter>shaders\fullscreen\occlusion</Filter>
    </None>
  </ItemGroup>
</Project>