<?xml version="1.0" encoding="utf-8"?>
<Project ToolsVersion="4.0" xmlns="http://schemas.microsoft.com/developer/msbuild/2003">
  <ItemGroup>
    <ClInclude Include="pch.h" />
    <ClInclude Include="DX11.h">
      <Filter>graphics</Filter>
    </ClInclude>
    <ClInclude Include="Debug.h" />
    <ClInclude Include="Shader.h">
      <Filter>graphics</Filter>
    </ClInclude>
    <ClInclude Include="DearImGui.h">
      <Filter>imgui</Filter>
    </ClInclude>
    <ClInclude Include="VertexBuffer.h">
      <Filter>graphics\buffers</Filter>
    </ClInclude>
    <ClInclude Include="ConstantBuffer.h">
      <Filter>graphics\buffers</Filter>
    </ClInclude>
    <ClInclude Include="IndexBuffer.h">
      <Filter>graphics\buffers</Filter>
    </ClInclude>
    <ClInclude Include="DepthBuffer.h">
      <Filter>graphics\buffers</Filter>
    </ClInclude>
    <ClInclude Include="Camera.h">
      <Filter>objects</Filter>
    </ClInclude>
    <ClInclude Include="Mesh.h">
      <Filter>objects</Filter>
    </ClInclude>
    <ClInclude Include="Transform.h">
      <Filter>objects</Filter>
    </ClInclude>
    <ClInclude Include="ConstantBufferManager.h">
      <Filter>graphics\managers</Filter>
    </ClInclude>
    <ClInclude Include="Scene.h">
      <Filter>objects</Filter>
    </ClInclude>
    <ClInclude Include="Singleton.h" />
    <ClInclude Include="InputLayoutManager.h">
      <Filter>graphics\managers</Filter>
    </ClInclude>
    <ClInclude Include="StateManager.h">
      <Filter>graphics\managers</Filter>
    </ClInclude>
    <ClInclude Include="GeometryBuffer.h">
      <Filter>graphics\buffers</Filter>
    </ClInclude>
    <ClInclude Include="FullscreenPass.h">
      <Filter>graphics</Filter>
    </ClInclude>
    <ClInclude Include="Scopes.h">
      <Filter>graphics</Filter>
    </ClInclude>
    <ClInclude Include="Image.h" />
    <ClInclude Include="Cubemap.h">
      <Filter>graphics</Filter>
    </ClInclude>
    <ClInclude Include="Vertices.h">
      <Filter>graphics</Filter>
    </ClInclude>
    <ClInclude Include="Window.h">
      <Filter>windows</Filter>
    </ClInclude>
    <ClInclude Include="Drop.h">
      <Filter>windows</Filter>
    </ClInclude>
    <ClInclude Include="Material.h">
      <Filter>objects</Filter>
    </ClInclude>
    <ClInclude Include="BackBuffer.h">
      <Filter>graphics\buffers</Filter>
    </ClInclude>
    <ClInclude Include="imgui_entt.h">
      <Filter>imgui</Filter>
    </ClInclude>
  </ItemGroup>
  <ItemGroup>
    <ClCompile Include="main.cpp" />
    <ClCompile Include="pch.cpp" />
    <ClCompile Include="DX11.cpp">
      <Filter>graphics</Filter>
    </ClCompile>
    <ClCompile Include="Debug.cpp" />
    <ClCompile Include="Shader.cpp">
      <Filter>graphics</Filter>
    </ClCompile>
    <ClCompile Include="DearImGui.cpp">
      <Filter>imgui</Filter>
    </ClCompile>
    <ClCompile Include="VertexBuffer.cpp">
      <Filter>graphics\buffers</Filter>
    </ClCompile>
    <ClCompile Include="ConstantBuffer.cpp">
      <Filter>graphics\buffers</Filter>
    </ClCompile>
    <ClCompile Include="IndexBuffer.cpp">
      <Filter>graphics\buffers</Filter>
    </ClCompile>
    <ClCompile Include="DepthBuffer.cpp">
      <Filter>graphics\buffers</Filter>
    </ClCompile>
    <ClCompile Include="Camera.cpp">
      <Filter>objects</Filter>
    </ClCompile>
    <ClCompile Include="Mesh.cpp">
      <Filter>objects</Filter>
    </ClCompile>
    <ClCompile Include="Transform.cpp">
      <Filter>objects</Filter>
    </ClCompile>
    <ClCompile Include="ConstantBufferManager.cpp">
      <Filter>graphics\managers</Filter>
    </ClCompile>
    <ClCompile Include="Scene.cpp">
      <Filter>objects</Filter>
    </ClCompile>
    <ClCompile Include="InputLayoutManager.cpp">
      <Filter>graphics\managers</Filter>
    </ClCompile>
    <ClCompile Include="StateManager.cpp">
      <Filter>graphics\managers</Filter>
    </ClCompile>
    <ClCompile Include="GeometryBuffer.cpp">
      <Filter>graphics\buffers</Filter>
    </ClCompile>
    <ClCompile Include="FullscreenPass.cpp">
      <Filter>graphics</Filter>
    </ClCompile>
    <ClCompile Include="Scopes.cpp">
      <Filter>graphics</Filter>
    </ClCompile>
    <ClCompile Include="Cubemap.cpp">
      <Filter>graphics</Filter>
    </ClCompile>
    <ClCompile Include="Image.cpp" />
    <ClCompile Include="Window.cpp">
      <Filter>windows</Filter>
    </ClCompile>
    <ClCompile Include="Drop.cpp">
      <Filter>windows</Filter>
    </ClCompile>
    <ClCompile Include="Material.cpp">
      <Filter>objects</Filter>
    </ClCompile>
    <ClCompile Include="BackBuffer.cpp">
      <Filter>graphics\buffers</Filter>
    </ClCompile>
    <ClCompile Include="imgui_entt.cpp">
      <Filter>imgui</Filter>
    </ClCompile>
  </ItemGroup>
  <ItemGroup>
    <Filter Include="graphics">
      <UniqueIdentifier>{4772e18b-77c9-45fb-84ae-85fc15abe4aa}</UniqueIdentifier>
    </Filter>
    <Filter Include="shaders">
      <UniqueIdentifier>{712098a5-8cfa-4106-b3b6-c6ab6ced87d5}</UniqueIdentifier>
    </Filter>
    <Filter Include="imgui">
      <UniqueIdentifier>{1e33c815-f7de-412d-ab70-bb300b84bbb7}</UniqueIdentifier>
    </Filter>
    <Filter Include="graphics\buffers">
      <UniqueIdentifier>{e28b3a7a-3a70-474d-ab62-9672b857f544}</UniqueIdentifier>
    </Filter>
    <Filter Include="objects">
      <UniqueIdentifier>{545fdeb4-0f2f-46c3-ac4c-1a93a1a6f995}</UniqueIdentifier>
    </Filter>
    <Filter Include="graphics\managers">
      <UniqueIdentifier>{c18edbf6-ced2-448f-a66c-4b49888979aa}</UniqueIdentifier>
    </Filter>
    <Filter Include="windows">
      <UniqueIdentifier>{bffff0c7-e125-46a2-aa9e-59024fddbf31}</UniqueIdentifier>
    </Filter>
    <Filter Include="shaders\gbuffer">
      <UniqueIdentifier>{46ecd3c9-22e6-4560-a68b-88131e00d1c1}</UniqueIdentifier>
    </Filter>
  </ItemGroup>
  <ItemGroup>
    <FxCompile Include="VsBasic.hlsl">
      <Filter>shaders</Filter>
    </FxCompile>
    <FxCompile Include="VsFullscreen.hlsl">
      <Filter>shaders</Filter>
    </FxCompile>
    <FxCompile Include="PsPbr.hlsl">
      <Filter>shaders</Filter>
    </FxCompile>
    <FxCompile Include="VsSkybox.hlsl">
      <Filter>shaders</Filter>
    </FxCompile>
    <FxCompile Include="PsSkybox.hlsl">
      <Filter>shaders</Filter>
    </FxCompile>
    <FxCompile Include="PsGBufferWorldPosition.hlsl">
      <Filter>shaders\gbuffer</Filter>
    </FxCompile>
    <FxCompile Include="PsGBuffer.hlsl">
      <Filter>shaders\gbuffer</Filter>
    </FxCompile>
    <FxCompile Include="PsGBufferAlbedo.hlsl">
      <Filter>shaders\gbuffer</Filter>
    </FxCompile>
    <FxCompile Include="PsGBufferVertexNormal.hlsl">
      <Filter>shaders\gbuffer</Filter>
    </FxCompile>
    <FxCompile Include="PsGBufferMetalRoughAo.hlsl">
      <Filter>shaders\gbuffer</Filter>
    </FxCompile>
    <FxCompile Include="PsGBufferPixelNormal.hlsl">
      <Filter>shaders\gbuffer</Filter>
    </FxCompile>
  </ItemGroup>
  <ItemGroup>
    <None Include="ShaderCommon.hlsli">
      <Filter>shaders</Filter>
    </None>
    <None Include="Skybox.hlsli">
      <Filter>shaders</Filter>
    </None>
    <None Include="PbrFunctions.hlsli">
      <Filter>shaders</Filter>
    </None>
  </ItemGroup>
</Project>