<?xml version="1.0" encoding="utf-8"?>
<Project ToolsVersion="4.0" xmlns="http://schemas.microsoft.com/developer/msbuild/2003">
  <ItemGroup>
    <ClInclude Include="pch.h" />
    <ClInclude Include="Window.h" />
    <ClInclude Include="SwapChain.h">
      <Filter>graphics</Filter>
    </ClInclude>
    <ClInclude Include="DX11.h">
      <Filter>graphics</Filter>
    </ClInclude>
    <ClInclude Include="Debug.h" />
    <ClInclude Include="Shader.h">
      <Filter>graphics</Filter>
    </ClInclude>
    <ClInclude Include="DearImGui.h">
      <Filter>imgui</Filter>
    </ClInclude>
    <ClInclude Include="VertexBuffer.h">
      <Filter>graphics\buffers</Filter>
    </ClInclude>
    <ClInclude Include="ConstantBuffer.h">
      <Filter>graphics\buffers</Filter>
    </ClInclude>
    <ClInclude Include="IndexBuffer.h">
      <Filter>graphics\buffers</Filter>
    </ClInclude>
    <ClInclude Include="imgui_simplemath.h">
      <Filter>imgui</Filter>
    </ClInclude>
    <ClInclude Include="DepthBuffer.h">
      <Filter>graphics\buffers</Filter>
    </ClInclude>
    <ClInclude Include="Camera.h">
      <Filter>objects</Filter>
    </ClInclude>
    <ClInclude Include="Mesh.h">
      <Filter>objects</Filter>
    </ClInclude>
    <ClInclude Include="Transform.h">
      <Filter>objects</Filter>
    </ClInclude>
    <ClInclude Include="ConstantBufferManager.h">
      <Filter>graphics\managers</Filter>
    </ClInclude>
    <ClInclude Include="Scene.h">
      <Filter>objects</Filter>
    </ClInclude>
    <ClInclude Include="Singleton.h" />
    <ClInclude Include="InputLayoutManager.h">
      <Filter>graphics\managers</Filter>
    </ClInclude>
    <ClInclude Include="RasterizerStateManager.h">
      <Filter>graphics\managers</Filter>
    </ClInclude>
    <ClInclude Include="GeometryBuffer.h">
      <Filter>graphics\buffers</Filter>
    </ClInclude>
    <ClInclude Include="FullscreenPass.h">
      <Filter>graphics</Filter>
    </ClInclude>
  </ItemGroup>
  <ItemGroup>
    <ClCompile Include="main.cpp" />
    <ClCompile Include="pch.cpp" />
    <ClCompile Include="Window.cpp" />
    <ClCompile Include="DX11.cpp">
      <Filter>graphics</Filter>
    </ClCompile>
    <ClCompile Include="SwapChain.cpp">
      <Filter>graphics</Filter>
    </ClCompile>
    <ClCompile Include="Debug.cpp" />
    <ClCompile Include="Shader.cpp">
      <Filter>graphics</Filter>
    </ClCompile>
    <ClCompile Include="DearImGui.cpp">
      <Filter>imgui</Filter>
    </ClCompile>
    <ClCompile Include="VertexBuffer.cpp">
      <Filter>graphics\buffers</Filter>
    </ClCompile>
    <ClCompile Include="ConstantBuffer.cpp">
      <Filter>graphics\buffers</Filter>
    </ClCompile>
    <ClCompile Include="IndexBuffer.cpp">
      <Filter>graphics\buffers</Filter>
    </ClCompile>
    <ClCompile Include="imgui_simplemath.cpp">
      <Filter>imgui</Filter>
    </ClCompile>
    <ClCompile Include="DepthBuffer.cpp">
      <Filter>graphics\buffers</Filter>
    </ClCompile>
    <ClCompile Include="Camera.cpp">
      <Filter>objects</Filter>
    </ClCompile>
    <ClCompile Include="Mesh.cpp">
      <Filter>objects</Filter>
    </ClCompile>
    <ClCompile Include="Transform.cpp">
      <Filter>objects</Filter>
    </ClCompile>
    <ClCompile Include="ConstantBufferManager.cpp">
      <Filter>graphics\managers</Filter>
    </ClCompile>
    <ClCompile Include="Scene.cpp">
      <Filter>objects</Filter>
    </ClCompile>
    <ClCompile Include="InputLayoutManager.cpp">
      <Filter>graphics\managers</Filter>
    </ClCompile>
    <ClCompile Include="RasterizerStateManager.cpp">
      <Filter>graphics\managers</Filter>
    </ClCompile>
    <ClCompile Include="GeometryBuffer.cpp">
      <Filter>graphics\buffers</Filter>
    </ClCompile>
    <ClCompile Include="FullscreenPass.cpp">
      <Filter>graphics</Filter>
    </ClCompile>
  </ItemGroup>
  <ItemGroup>
    <Filter Include="graphics">
      <UniqueIdentifier>{4772e18b-77c9-45fb-84ae-85fc15abe4aa}</UniqueIdentifier>
    </Filter>
    <Filter Include="shaders">
      <UniqueIdentifier>{712098a5-8cfa-4106-b3b6-c6ab6ced87d5}</UniqueIdentifier>
    </Filter>
    <Filter Include="imgui">
      <UniqueIdentifier>{1e33c815-f7de-412d-ab70-bb300b84bbb7}</UniqueIdentifier>
    </Filter>
    <Filter Include="graphics\buffers">
      <UniqueIdentifier>{e28b3a7a-3a70-474d-ab62-9672b857f544}</UniqueIdentifier>
    </Filter>
    <Filter Include="objects">
      <UniqueIdentifier>{545fdeb4-0f2f-46c3-ac4c-1a93a1a6f995}</UniqueIdentifier>
    </Filter>
    <Filter Include="graphics\managers">
      <UniqueIdentifier>{c18edbf6-ced2-448f-a66c-4b49888979aa}</UniqueIdentifier>
    </Filter>
  </ItemGroup>
  <ItemGroup>
    <FxCompile Include="VsBasic.hlsl">
      <Filter>shaders</Filter>
    </FxCompile>
    <FxCompile Include="PsGBuffer.hlsl">
      <Filter>shaders</Filter>
    </FxCompile>
    <FxCompile Include="PsGBufferWorldPosition.hlsl">
      <Filter>shaders</Filter>
    </FxCompile>
    <FxCompile Include="VsFullscreen.hlsl">
      <Filter>shaders</Filter>
    </FxCompile>
    <FxCompile Include="PsGBufferWorldNormal.hlsl">
      <Filter>shaders</Filter>
    </FxCompile>
    <FxCompile Include="PsLightAmbient.hlsl">
      <Filter>shaders</Filter>
    </FxCompile>
  </ItemGroup>
  <ItemGroup>
    <None Include="ShaderCommon.hlsli">
      <Filter>shaders</Filter>
    </None>
  </ItemGroup>
</Project>